{
  "version": 4,
  "terraform_version": "1.1.2",
  "serial": 110,
  "lineage": "2fdd2b3a-22b4-1808-2964-03eff4e69207",
  "outputs": {
    "external_ip_address_node01": {
      "value": "62.84.126.239",
      "type": "string"
    },
    "external_ip_address_node02": {
      "value": "62.84.125.140",
      "type": "string"
    },
    "external_ip_address_node03": {
      "value": "51.250.4.72",
      "type": "string"
    },
    "external_ip_address_node04": {
      "value": "62.84.125.48",
      "type": "string"
    },
    "external_ip_address_node05": {
      "value": "51.250.3.19",
      "type": "string"
    },
    "external_ip_address_node06": {
      "value": "62.84.125.51",
      "type": "string"
    },
    "internal_ip_address_node01": {
      "value": "192.168.101.11",
      "type": "string"
    },
    "internal_ip_address_node02": {
      "value": "192.168.101.12",
      "type": "string"
    },
    "internal_ip_address_node03": {
      "value": "192.168.101.13",
      "type": "string"
    },
    "internal_ip_address_node04": {
      "value": "192.168.101.14",
      "type": "string"
    },
    "internal_ip_address_node05": {
      "value": "192.168.101.15",
      "type": "string"
    },
    "internal_ip_address_node06": {
      "value": "192.168.101.16",
      "type": "string"
    }
  },
  "resources": [
    {
      "mode": "managed",
      "type": "local_file",
      "name": "inventory",
      "provider": "provider[\"registry.terraform.io/hashicorp/local\"]",
      "instances": [
        {
          "schema_version": 0,
          "attributes": {
            "content": "# Ansible inventory containing variable values from Terraform.\n# Generated by Terraform.\n\n[nodes:children]\nmanagers\nworkers\n\n[managers:children]\nactive\nstandby\n\n[active]\nnode01.netology.yc ansible_host=62.84.126.239\n\n[standby]\nnode02.netology.yc ansible_host=62.84.125.140\nnode03.netology.yc ansible_host=51.250.4.72\n\n[workers]\nnode04.netology.yc ansible_host=62.84.125.48\nnode05.netology.yc ansible_host=51.250.3.19\nnode06.netology.yc ansible_host=62.84.125.51\n",
            "content_base64": null,
            "directory_permission": "0777",
            "file_permission": "0777",
            "filename": "../ansible/inventory",
            "id": "66cd959f5070bc99f0eb62337e328c5135447f31",
            "sensitive_content": null,
            "source": null
          },
          "sensitive_attributes": [],
          "private": "bnVsbA==",
          "dependencies": [
            "yandex_compute_instance.node01",
            "yandex_compute_instance.node02",
            "yandex_compute_instance.node03",
            "yandex_compute_instance.node04",
            "yandex_compute_instance.node05",
            "yandex_compute_instance.node06",
            "yandex_vpc_network.default",
            "yandex_vpc_subnet.default"
          ]
        }
      ]
    },
    {
      "mode": "managed",
      "type": "null_resource",
      "name": "cluster",
      "provider": "provider[\"registry.terraform.io/hashicorp/null\"]",
      "instances": [
        {
          "schema_version": 0,
          "attributes": {
            "id": "5084360773995081755",
            "triggers": null
          },
          "sensitive_attributes": [],
          "private": "bnVsbA==",
          "dependencies": [
            "local_file.inventory",
            "null_resource.wait",
            "yandex_compute_instance.node01",
            "yandex_compute_instance.node02",
            "yandex_compute_instance.node03",
            "yandex_compute_instance.node04",
            "yandex_compute_instance.node05",
            "yandex_compute_instance.node06",
            "yandex_vpc_network.default",
            "yandex_vpc_subnet.default"
          ]
        }
      ]
    },
    {
      "mode": "managed",
      "type": "null_resource",
      "name": "monitoring",
      "provider": "provider[\"registry.terraform.io/hashicorp/null\"]",
      "instances": [
        {
          "schema_version": 0,
          "attributes": {
            "id": "2022664096288781979",
            "triggers": null
          },
          "sensitive_attributes": [],
          "private": "bnVsbA==",
          "dependencies": [
            "local_file.inventory",
            "null_resource.cluster",
            "null_resource.sync",
            "null_resource.wait",
            "yandex_compute_instance.node01",
            "yandex_compute_instance.node02",
            "yandex_compute_instance.node03",
            "yandex_compute_instance.node04",
            "yandex_compute_instance.node05",
            "yandex_compute_instance.node06",
            "yandex_vpc_network.default",
            "yandex_vpc_subnet.default"
          ]
        }
      ]
    },
    {
      "mode": "managed",
      "type": "null_resource",
      "name": "sync",
      "provider": "provider[\"registry.terraform.io/hashicorp/null\"]",
      "instances": [
        {
          "schema_version": 0,
          "attributes": {
            "id": "2566588066018737269",
            "triggers": null
          },
          "sensitive_attributes": [],
          "private": "bnVsbA==",
          "dependencies": [
            "local_file.inventory",
            "null_resource.cluster",
            "null_resource.wait",
            "yandex_compute_instance.node01",
            "yandex_compute_instance.node02",
            "yandex_compute_instance.node03",
            "yandex_compute_instance.node04",
            "yandex_compute_instance.node05",
            "yandex_compute_instance.node06",
            "yandex_vpc_network.default",
            "yandex_vpc_subnet.default"
          ]
        }
      ]
    },
    {
      "mode": "managed",
      "type": "null_resource",
      "name": "wait",
      "provider": "provider[\"registry.terraform.io/hashicorp/null\"]",
      "instances": [
        {
          "schema_version": 0,
          "attributes": {
            "id": "5439554327850056758",
            "triggers": null
          },
          "sensitive_attributes": [],
          "private": "bnVsbA==",
          "dependencies": [
            "local_file.inventory",
            "yandex_compute_instance.node01",
            "yandex_compute_instance.node02",
            "yandex_compute_instance.node03",
            "yandex_compute_instance.node04",
            "yandex_compute_instance.node05",
            "yandex_compute_instance.node06",
            "yandex_vpc_network.default",
            "yandex_vpc_subnet.default"
          ]
        }
      ]
    },
    {
      "mode": "managed",
      "type": "yandex_compute_instance",
      "name": "node01",
      "provider": "provider[\"registry.terraform.io/yandex-cloud/yandex\"]",
      "instances": [
        {
          "schema_version": 1,
          "attributes": {
            "allow_stopping_for_update": true,
            "boot_disk": [
              {
                "auto_delete": true,
                "device_name": "fhmqguvjv2jms6oijk0o",
                "disk_id": "fhmqguvjv2jms6oijk0o",
                "initialize_params": [
                  {
                    "block_size": 4096,
                    "description": "",
                    "image_id": "fd8lsr6hkvb8qgnrqvme",
                    "name": "root-node01",
                    "size": 10,
                    "snapshot_id": "",
                    "type": "network-ssd"
                  }
                ],
                "mode": "READ_WRITE"
              }
            ],
            "created_at": "2022-01-06T12:38:50Z",
            "description": "",
            "folder_id": "b1gofjhmbooslibeifao",
            "fqdn": "node01.netology.yc",
            "hostname": "node01",
            "id": "fhmkf5temprjvlquv7i5",
            "labels": null,
            "metadata": {
              "ssh-keys": "centos:ssh-rsa AAAAB3NzaC1yc2EAAAADAQABAAABAQDJA1qHtV2+/RRXmWV7A9f/NBg67APG39Xi4BnSTHN91XwN3fX28Jzh0VwcuIp3EiIw/xU5hFf0mum0YQippM0mU2K2SfESfZ4V9XDdMAGeQO9SRtHvNnEm2dVFTDGQpKc2SiX/KaqrD1KjCgp+Wc+viuyLUAK6r9Hxor/WpPhOjyjAvBEEi5PZ4M0kZaknTkv0VFjUZ4XYg4nB78MADdl5WyUsa4dx+IT8Da+2+3+q4iNQmiBhVv5HdzbHcZmorquglu4S1XlWN3i7woR1l3t1zu+cag4dJ0brH5WWSF8IHmJ50hsUdPfTe4BRK82yP/+zbksK/Z2xRnHLmugsjesv vagrant@netology1\n"
            },
            "name": "node01",
            "network_acceleration_type": "standard",
            "network_interface": [
              {
                "dns_record": [],
                "index": 0,
                "ip_address": "192.168.101.11",
                "ipv4": true,
                "ipv6": false,
                "ipv6_address": "",
                "ipv6_dns_record": [],
                "mac_address": "d0:0d:14:79:7a:eb",
                "nat": true,
                "nat_dns_record": [],
                "nat_ip_address": "62.84.126.239",
                "nat_ip_version": "IPV4",
                "security_group_ids": [],
                "subnet_id": "e9b7d8t9h0u1u4gnqn6j"
              }
            ],
            "placement_policy": [
              {
                "placement_group_id": ""
              }
            ],
            "platform_id": "standard-v1",
            "resources": [
              {
                "core_fraction": 100,
                "cores": 4,
                "gpus": 0,
                "memory": 8
              }
            ],
            "scheduling_policy": [
              {
                "preemptible": false
              }
            ],
            "secondary_disk": [],
            "service_account_id": "",
            "status": "running",
            "timeouts": null,
            "zone": "ru-central1-a"
          },
          "sensitive_attributes": [],
          "private": "eyJlMmJmYjczMC1lY2FhLTExZTYtOGY4OC0zNDM2M2JjN2M0YzAiOnsiY3JlYXRlIjozMDAwMDAwMDAwMDAsImRlbGV0ZSI6MzAwMDAwMDAwMDAwLCJ1cGRhdGUiOjMwMDAwMDAwMDAwMH0sInNjaGVtYV92ZXJzaW9uIjoiMSJ9",
          "dependencies": [
            "yandex_vpc_network.default",
            "yandex_vpc_subnet.default"
          ]
        }
      ]
    },
    {
      "mode": "managed",
      "type": "yandex_compute_instance",
      "name": "node02",
      "provider": "provider[\"registry.terraform.io/yandex-cloud/yandex\"]",
      "instances": [
        {
          "schema_version": 1,
          "attributes": {
            "allow_stopping_for_update": true,
            "boot_disk": [
              {
                "auto_delete": true,
                "device_name": "fhmushl41ockopr57viq",
                "disk_id": "fhmushl41ockopr57viq",
                "initialize_params": [
                  {
                    "block_size": 4096,
                    "description": "",
                    "image_id": "fd8lsr6hkvb8qgnrqvme",
                    "name": "root-node02",
                    "size": 10,
                    "snapshot_id": "",
                    "type": "network-ssd"
                  }
                ],
                "mode": "READ_WRITE"
              }
            ],
            "created_at": "2022-01-06T12:38:50Z",
            "description": "",
            "folder_id": "b1gofjhmbooslibeifao",
            "fqdn": "node02.netology.yc",
            "hostname": "node02",
            "id": "fhm3t717dv8kb0u21lvj",
            "labels": null,
            "metadata": {
              "ssh-keys": "centos:ssh-rsa AAAAB3NzaC1yc2EAAAADAQABAAABAQDJA1qHtV2+/RRXmWV7A9f/NBg67APG39Xi4BnSTHN91XwN3fX28Jzh0VwcuIp3EiIw/xU5hFf0mum0YQippM0mU2K2SfESfZ4V9XDdMAGeQO9SRtHvNnEm2dVFTDGQpKc2SiX/KaqrD1KjCgp+Wc+viuyLUAK6r9Hxor/WpPhOjyjAvBEEi5PZ4M0kZaknTkv0VFjUZ4XYg4nB78MADdl5WyUsa4dx+IT8Da+2+3+q4iNQmiBhVv5HdzbHcZmorquglu4S1XlWN3i7woR1l3t1zu+cag4dJ0brH5WWSF8IHmJ50hsUdPfTe4BRK82yP/+zbksK/Z2xRnHLmugsjesv vagrant@netology1\n"
            },
            "name": "node02",
            "network_acceleration_type": "standard",
            "network_interface": [
              {
                "dns_record": [],
                "index": 0,
                "ip_address": "192.168.101.12",
                "ipv4": true,
                "ipv6": false,
                "ipv6_address": "",
                "ipv6_dns_record": [],
                "mac_address": "d0:0d:3e:9c:27:6f",
                "nat": true,
                "nat_dns_record": [],
                "nat_ip_address": "62.84.125.140",
                "nat_ip_version": "IPV4",
                "security_group_ids": [],
                "subnet_id": "e9b7d8t9h0u1u4gnqn6j"
              }
            ],
            "placement_policy": [
              {
                "placement_group_id": ""
              }
            ],
            "platform_id": "standard-v1",
            "resources": [
              {
                "core_fraction": 100,
                "cores": 4,
                "gpus": 0,
                "memory": 8
              }
            ],
            "scheduling_policy": [
              {
                "preemptible": false
              }
            ],
            "secondary_disk": [],
            "service_account_id": "",
            "status": "running",
            "timeouts": null,
            "zone": "ru-central1-a"
          },
          "sensitive_attributes": [],
          "private": "eyJlMmJmYjczMC1lY2FhLTExZTYtOGY4OC0zNDM2M2JjN2M0YzAiOnsiY3JlYXRlIjozMDAwMDAwMDAwMDAsImRlbGV0ZSI6MzAwMDAwMDAwMDAwLCJ1cGRhdGUiOjMwMDAwMDAwMDAwMH0sInNjaGVtYV92ZXJzaW9uIjoiMSJ9",
          "dependencies": [
            "yandex_vpc_network.default",
            "yandex_vpc_subnet.default"
          ]
        }
      ]
    },
    {
      "mode": "managed",
      "type": "yandex_compute_instance",
      "name": "node03",
      "provider": "provider[\"registry.terraform.io/yandex-cloud/yandex\"]",
      "instances": [
        {
          "schema_version": 1,
          "attributes": {
            "allow_stopping_for_update": true,
            "boot_disk": [
              {
                "auto_delete": true,
                "device_name": "fhme666d11nr6mrshl8s",
                "disk_id": "fhme666d11nr6mrshl8s",
                "initialize_params": [
                  {
                    "block_size": 4096,
                    "description": "",
                    "image_id": "fd8lsr6hkvb8qgnrqvme",
                    "name": "root-node03",
                    "size": 10,
                    "snapshot_id": "",
                    "type": "network-ssd"
                  }
                ],
                "mode": "READ_WRITE"
              }
            ],
            "created_at": "2022-01-06T12:38:51Z",
            "description": "",
            "folder_id": "b1gofjhmbooslibeifao",
            "fqdn": "node03.netology.yc",
            "hostname": "node03",
            "id": "fhmlhukcolbbjphifp2l",
            "labels": null,
            "metadata": {
              "ssh-keys": "centos:ssh-rsa AAAAB3NzaC1yc2EAAAADAQABAAABAQDJA1qHtV2+/RRXmWV7A9f/NBg67APG39Xi4BnSTHN91XwN3fX28Jzh0VwcuIp3EiIw/xU5hFf0mum0YQippM0mU2K2SfESfZ4V9XDdMAGeQO9SRtHvNnEm2dVFTDGQpKc2SiX/KaqrD1KjCgp+Wc+viuyLUAK6r9Hxor/WpPhOjyjAvBEEi5PZ4M0kZaknTkv0VFjUZ4XYg4nB78MADdl5WyUsa4dx+IT8Da+2+3+q4iNQmiBhVv5HdzbHcZmorquglu4S1XlWN3i7woR1l3t1zu+cag4dJ0brH5WWSF8IHmJ50hsUdPfTe4BRK82yP/+zbksK/Z2xRnHLmugsjesv vagrant@netology1\n"
            },
            "name": "node03",
            "network_acceleration_type": "standard",
            "network_interface": [
              {
                "dns_record": [],
                "index": 0,
                "ip_address": "192.168.101.13",
                "ipv4": true,
                "ipv6": false,
                "ipv6_address": "",
                "ipv6_dns_record": [],
                "mac_address": "d0:0d:15:8f:a8:cc",
                "nat": true,
                "nat_dns_record": [],
                "nat_ip_address": "51.250.4.72",
                "nat_ip_version": "IPV4",
                "security_group_ids": [],
                "subnet_id": "e9b7d8t9h0u1u4gnqn6j"
              }
            ],
            "placement_policy": [
              {
                "placement_group_id": ""
              }
            ],
            "platform_id": "standard-v1",
            "resources": [
              {
                "core_fraction": 100,
                "cores": 4,
                "gpus": 0,
                "memory": 8
              }
            ],
            "scheduling_policy": [
              {
                "preemptible": false
              }
            ],
            "secondary_disk": [],
            "service_account_id": "",
            "status": "running",
            "timeouts": null,
            "zone": "ru-central1-a"
          },
          "sensitive_attributes": [],
          "private": "eyJlMmJmYjczMC1lY2FhLTExZTYtOGY4OC0zNDM2M2JjN2M0YzAiOnsiY3JlYXRlIjozMDAwMDAwMDAwMDAsImRlbGV0ZSI6MzAwMDAwMDAwMDAwLCJ1cGRhdGUiOjMwMDAwMDAwMDAwMH0sInNjaGVtYV92ZXJzaW9uIjoiMSJ9",
          "dependencies": [
            "yandex_vpc_network.default",
            "yandex_vpc_subnet.default"
          ]
        }
      ]
    },
    {
      "mode": "managed",
      "type": "yandex_compute_instance",
      "name": "node04",
      "provider": "provider[\"registry.terraform.io/yandex-cloud/yandex\"]",
      "instances": [
        {
          "schema_version": 1,
          "attributes": {
            "allow_stopping_for_update": true,
            "boot_disk": [
              {
                "auto_delete": true,
                "device_name": "fhmacf2c17ulr6mnomla",
                "disk_id": "fhmacf2c17ulr6mnomla",
                "initialize_params": [
                  {
                    "block_size": 4096,
                    "description": "",
                    "image_id": "fd8lsr6hkvb8qgnrqvme",
                    "name": "root-node04",
                    "size": 40,
                    "snapshot_id": "",
                    "type": "network-ssd"
                  }
                ],
                "mode": "READ_WRITE"
              }
            ],
            "created_at": "2022-01-06T12:38:50Z",
            "description": "",
            "folder_id": "b1gofjhmbooslibeifao",
            "fqdn": "node04.netology.yc",
            "hostname": "node04",
            "id": "fhmlg4bbuurocgsk60td",
            "labels": null,
            "metadata": {
              "ssh-keys": "centos:ssh-rsa AAAAB3NzaC1yc2EAAAADAQABAAABAQDJA1qHtV2+/RRXmWV7A9f/NBg67APG39Xi4BnSTHN91XwN3fX28Jzh0VwcuIp3EiIw/xU5hFf0mum0YQippM0mU2K2SfESfZ4V9XDdMAGeQO9SRtHvNnEm2dVFTDGQpKc2SiX/KaqrD1KjCgp+Wc+viuyLUAK6r9Hxor/WpPhOjyjAvBEEi5PZ4M0kZaknTkv0VFjUZ4XYg4nB78MADdl5WyUsa4dx+IT8Da+2+3+q4iNQmiBhVv5HdzbHcZmorquglu4S1XlWN3i7woR1l3t1zu+cag4dJ0brH5WWSF8IHmJ50hsUdPfTe4BRK82yP/+zbksK/Z2xRnHLmugsjesv vagrant@netology1\n"
            },
            "name": "node04",
            "network_acceleration_type": "standard",
            "network_interface": [
              {
                "dns_record": [],
                "index": 0,
                "ip_address": "192.168.101.14",
                "ipv4": true,
                "ipv6": false,
                "ipv6_address": "",
                "ipv6_dns_record": [],
                "mac_address": "d0:0d:15:81:16:bf",
                "nat": true,
                "nat_dns_record": [],
                "nat_ip_address": "62.84.125.48",
                "nat_ip_version": "IPV4",
                "security_group_ids": [],
                "subnet_id": "e9b7d8t9h0u1u4gnqn6j"
              }
            ],
            "placement_policy": [
              {
                "placement_group_id": ""
              }
            ],
            "platform_id": "standard-v1",
            "resources": [
              {
                "core_fraction": 100,
                "cores": 4,
                "gpus": 0,
                "memory": 8
              }
            ],
            "scheduling_policy": [
              {
                "preemptible": false
              }
            ],
            "secondary_disk": [],
            "service_account_id": "",
            "status": "running",
            "timeouts": null,
            "zone": "ru-central1-a"
          },
          "sensitive_attributes": [],
          "private": "eyJlMmJmYjczMC1lY2FhLTExZTYtOGY4OC0zNDM2M2JjN2M0YzAiOnsiY3JlYXRlIjozMDAwMDAwMDAwMDAsImRlbGV0ZSI6MzAwMDAwMDAwMDAwLCJ1cGRhdGUiOjMwMDAwMDAwMDAwMH0sInNjaGVtYV92ZXJzaW9uIjoiMSJ9",
          "dependencies": [
            "yandex_vpc_network.default",
            "yandex_vpc_subnet.default"
          ]
        }
      ]
    },
    {
      "mode": "managed",
      "type": "yandex_compute_instance",
      "name": "node05",
      "provider": "provider[\"registry.terraform.io/yandex-cloud/yandex\"]",
      "instances": [
        {
          "schema_version": 1,
          "attributes": {
            "allow_stopping_for_update": true,
            "boot_disk": [
              {
                "auto_delete": true,
                "device_name": "fhmorubvvb79e42r1sr8",
                "disk_id": "fhmorubvvb79e42r1sr8",
                "initialize_params": [
                  {
                    "block_size": 4096,
                    "description": "",
                    "image_id": "fd8lsr6hkvb8qgnrqvme",
                    "name": "root-node05",
                    "size": 40,
                    "snapshot_id": "",
                    "type": "network-ssd"
                  }
                ],
                "mode": "READ_WRITE"
              }
            ],
            "created_at": "2022-01-06T12:38:50Z",
            "description": "",
            "folder_id": "b1gofjhmbooslibeifao",
            "fqdn": "node05.netology.yc",
            "hostname": "node05",
            "id": "fhm6q0hcgdilqrijtghj",
            "labels": null,
            "metadata": {
              "ssh-keys": "centos:ssh-rsa AAAAB3NzaC1yc2EAAAADAQABAAABAQDJA1qHtV2+/RRXmWV7A9f/NBg67APG39Xi4BnSTHN91XwN3fX28Jzh0VwcuIp3EiIw/xU5hFf0mum0YQippM0mU2K2SfESfZ4V9XDdMAGeQO9SRtHvNnEm2dVFTDGQpKc2SiX/KaqrD1KjCgp+Wc+viuyLUAK6r9Hxor/WpPhOjyjAvBEEi5PZ4M0kZaknTkv0VFjUZ4XYg4nB78MADdl5WyUsa4dx+IT8Da+2+3+q4iNQmiBhVv5HdzbHcZmorquglu4S1XlWN3i7woR1l3t1zu+cag4dJ0brH5WWSF8IHmJ50hsUdPfTe4BRK82yP/+zbksK/Z2xRnHLmugsjesv vagrant@netology1\n"
            },
            "name": "node05",
            "network_acceleration_type": "standard",
            "network_interface": [
              {
                "dns_record": [],
                "index": 0,
                "ip_address": "192.168.101.15",
                "ipv4": true,
                "ipv6": false,
                "ipv6_address": "",
                "ipv6_dns_record": [],
                "mac_address": "d0:0d:6d:02:2c:83",
                "nat": true,
                "nat_dns_record": [],
                "nat_ip_address": "51.250.3.19",
                "nat_ip_version": "IPV4",
                "security_group_ids": [],
                "subnet_id": "e9b7d8t9h0u1u4gnqn6j"
              }
            ],
            "placement_policy": [
              {
                "placement_group_id": ""
              }
            ],
            "platform_id": "standard-v1",
            "resources": [
              {
                "core_fraction": 100,
                "cores": 4,
                "gpus": 0,
                "memory": 8
              }
            ],
            "scheduling_policy": [
              {
                "preemptible": false
              }
            ],
            "secondary_disk": [],
            "service_account_id": "",
            "status": "running",
            "timeouts": null,
            "zone": "ru-central1-a"
          },
          "sensitive_attributes": [],
          "private": "eyJlMmJmYjczMC1lY2FhLTExZTYtOGY4OC0zNDM2M2JjN2M0YzAiOnsiY3JlYXRlIjozMDAwMDAwMDAwMDAsImRlbGV0ZSI6MzAwMDAwMDAwMDAwLCJ1cGRhdGUiOjMwMDAwMDAwMDAwMH0sInNjaGVtYV92ZXJzaW9uIjoiMSJ9",
          "dependencies": [
            "yandex_vpc_network.default",
            "yandex_vpc_subnet.default"
          ]
        }
      ]
    },
    {
      "mode": "managed",
      "type": "yandex_compute_instance",
      "name": "node06",
      "provider": "provider[\"registry.terraform.io/yandex-cloud/yandex\"]",
      "instances": [
        {
          "schema_version": 1,
          "attributes": {
            "allow_stopping_for_update": true,
            "boot_disk": [
              {
                "auto_delete": true,
                "device_name": "fhm0kv40vck2k0tfhufm",
                "disk_id": "fhm0kv40vck2k0tfhufm",
                "initialize_params": [
                  {
                    "block_size": 4096,
                    "description": "",
                    "image_id": "fd8lsr6hkvb8qgnrqvme",
                    "name": "root-node06",
                    "size": 40,
                    "snapshot_id": "",
                    "type": "network-ssd"
                  }
                ],
                "mode": "READ_WRITE"
              }
            ],
            "created_at": "2022-01-06T12:38:51Z",
            "description": "",
            "folder_id": "b1gofjhmbooslibeifao",
            "fqdn": "node06.netology.yc",
            "hostname": "node06",
            "id": "fhmrurnocv13rqta2g0k",
            "labels": null,
            "metadata": {
              "ssh-keys": "centos:ssh-rsa AAAAB3NzaC1yc2EAAAADAQABAAABAQDJA1qHtV2+/RRXmWV7A9f/NBg67APG39Xi4BnSTHN91XwN3fX28Jzh0VwcuIp3EiIw/xU5hFf0mum0YQippM0mU2K2SfESfZ4V9XDdMAGeQO9SRtHvNnEm2dVFTDGQpKc2SiX/KaqrD1KjCgp+Wc+viuyLUAK6r9Hxor/WpPhOjyjAvBEEi5PZ4M0kZaknTkv0VFjUZ4XYg4nB78MADdl5WyUsa4dx+IT8Da+2+3+q4iNQmiBhVv5HdzbHcZmorquglu4S1XlWN3i7woR1l3t1zu+cag4dJ0brH5WWSF8IHmJ50hsUdPfTe4BRK82yP/+zbksK/Z2xRnHLmugsjesv vagrant@netology1\n"
            },
            "name": "node06",
            "network_acceleration_type": "standard",
            "network_interface": [
              {
                "dns_record": [],
                "index": 0,
                "ip_address": "192.168.101.16",
                "ipv4": true,
                "ipv6": false,
                "ipv6_address": "",
                "ipv6_dns_record": [],
                "mac_address": "d0:0d:1b:f6:ef:86",
                "nat": true,
                "nat_dns_record": [],
                "nat_ip_address": "62.84.125.51",
                "nat_ip_version": "IPV4",
                "security_group_ids": [],
                "subnet_id": "e9b7d8t9h0u1u4gnqn6j"
              }
            ],
            "placement_policy": [
              {
                "placement_group_id": ""
              }
            ],
            "platform_id": "standard-v1",
            "resources": [
              {
                "core_fraction": 100,
                "cores": 4,
                "gpus": 0,
                "memory": 8
              }
            ],
            "scheduling_policy": [
              {
                "preemptible": false
              }
            ],
            "secondary_disk": [],
            "service_account_id": "",
            "status": "running",
            "timeouts": null,
            "zone": "ru-central1-a"
          },
          "sensitive_attributes": [],
          "private": "eyJlMmJmYjczMC1lY2FhLTExZTYtOGY4OC0zNDM2M2JjN2M0YzAiOnsiY3JlYXRlIjozMDAwMDAwMDAwMDAsImRlbGV0ZSI6MzAwMDAwMDAwMDAwLCJ1cGRhdGUiOjMwMDAwMDAwMDAwMH0sInNjaGVtYV92ZXJzaW9uIjoiMSJ9",
          "dependencies": [
            "yandex_vpc_network.default",
            "yandex_vpc_subnet.default"
          ]
        }
      ]
    },
    {
      "mode": "managed",
      "type": "yandex_vpc_network",
      "name": "default",
      "provider": "provider[\"registry.terraform.io/yandex-cloud/yandex\"]",
      "instances": [
        {
          "schema_version": 0,
          "attributes": {
            "created_at": "2022-01-06T12:38:49Z",
            "default_security_group_id": "",
            "description": "",
            "folder_id": "b1gofjhmbooslibeifao",
            "id": "enpb12i25dclqr474rgg",
            "labels": {},
            "name": "net",
            "subnet_ids": [],
            "timeouts": null
          },
          "sensitive_attributes": [],
          "private": "eyJlMmJmYjczMC1lY2FhLTExZTYtOGY4OC0zNDM2M2JjN2M0YzAiOnsiY3JlYXRlIjo2MDAwMDAwMDAwMCwiZGVsZXRlIjo2MDAwMDAwMDAwMCwidXBkYXRlIjo2MDAwMDAwMDAwMH19"
        }
      ]
    },
    {
      "mode": "managed",
      "type": "yandex_vpc_subnet",
      "name": "default",
      "provider": "provider[\"registry.terraform.io/yandex-cloud/yandex\"]",
      "instances": [
        {
          "schema_version": 0,
          "attributes": {
            "created_at": "2022-01-06T12:38:49Z",
            "description": "",
            "dhcp_options": [],
            "folder_id": "b1gofjhmbooslibeifao",
            "id": "e9b7d8t9h0u1u4gnqn6j",
            "labels": {},
            "name": "subnet",
            "network_id": "enpb12i25dclqr474rgg",
            "route_table_id": "",
            "timeouts": null,
            "v4_cidr_blocks": [
              "192.168.101.0/24"
            ],
            "v6_cidr_blocks": [],
            "zone": "ru-central1-a"
          },
          "sensitive_attributes": [],
          "private": "eyJlMmJmYjczMC1lY2FhLTExZTYtOGY4OC0zNDM2M2JjN2M0YzAiOnsiY3JlYXRlIjoxODAwMDAwMDAwMDAsImRlbGV0ZSI6MTgwMDAwMDAwMDAwLCJ1cGRhdGUiOjE4MDAwMDAwMDAwMH19",
          "dependencies": [
            "yandex_vpc_network.default"
          ]
        }
      ]
    }
  ]
}
